
Microsoft Visual Studio Solution File, Format Version 12.00
# Visual Studio Version 17
VisualStudioVersion = 17.0.32126.317
MinimumVisualStudioVersion = 10.0.40219.1
Project("{9A19103F-16F7-4668-BE54-9A1E7A4F7556}") = "BankAppTask", "BankAppTask.csproj", "{AD8BE985-91C7-45D7-B3C3-698C36CC8FA5}"
EndProject
Project("{9A19103F-16F7-4668-BE54-9A1E7A4F7556}") = "BankAppUI", "..\BankAppUI\BankAppUI.csproj", "{4031B3CC-5773-46D1-9340-B08EF6E14ED4}"
EndProject
Project("{FAE04EC0-301F-11D3-BF4B-00C04F79EFBC}") = "BankAppNuitTest", "..\BankAppNuitTest\BankAppNuitTest.csproj", "{DE6E4656-6375-4EC5-A241-49F59BC150F9}"
EndProject
Global
	GlobalSection(SolutionConfigurationPlatforms) = preSolution
		Debug|Any CPU = Debug|Any CPU
		Release|Any CPU = Release|Any CPU
	EndGlobalSection
	GlobalSection(ProjectConfigurationPlatforms) = postSolution
		{AD8BE985-91C7-45D7-B3C3-698C36CC8FA5}.Debug|Any CPU.ActiveCfg = Debug|Any CPU
		{AD8BE985-91C7-45D7-B3C3-698C36CC8FA5}.Debug|Any CPU.Build.0 = Debug|Any CPU
		{AD8BE985-91C7-45D7-B3C3-698C36CC8FA5}.Release|Any CPU.ActiveCfg = Release|Any CPU
		{AD8BE985-91C7-45D7-B3C3-698C36CC8FA5}.Release|Any CPU.Build.0 = Release|Any CPU
		{4031B3CC-5773-46D1-9340-B08EF6E14ED4}.Debug|Any CPU.ActiveCfg = Debug|Any CPU
		{4031B3CC-5773-46D1-9340-B08EF6E14ED4}.Debug|Any CPU.Build.0 = Debug|Any CPU
		{4031B3CC-5773-46D1-9340-B08EF6E14ED4}.Release|Any CPU.ActiveCfg = Release|Any CPU
		{4031B3CC-5773-46D1-9340-B08EF6E14ED4}.Release|Any CPU.Build.0 = Release|Any CPU
		{DE6E4656-6375-4EC5-A241-49F59BC150F9}.Debug|Any CPU.ActiveCfg = Debug|Any CPU
		{DE6E4656-6375-4EC5-A241-49F59BC150F9}.Debug|Any CPU.Build.0 = Debug|Any CPU
		{DE6E4656-6375-4EC5-A241-49F59BC150F9}.Release|Any CPU.ActiveCfg = Release|Any CPU
		{DE6E4656-6375-4EC5-A241-49F59BC150F9}.Release|Any CPU.Build.0 = Release|Any CPU
	EndGlobalSection
	GlobalSection(SolutionProperties) = preSolution
		HideSolutionNode = FALSE
	EndGlobalSection
	GlobalSection(ExtensibilityGlobals) = postSolution
		SolutionGuid = {75C97268-FEA2-4A76-A8F6-E14EA46F4FC2}
	EndGlobalSection
EndGlobal
